// !$*UTF8*$!
{
	archiveVersion = 1;
	classes = {
	};
	objectVersion = 50;
	objects = {

/* Begin PBXBuildFile section */
		0011BD1B1454B1743658864B /* Pods_Feel.framework in Frameworks */ = {isa = PBXBuildFile; fileRef = 8FEA66AFAB9B14FA623E7857 /* Pods_Feel.framework */; };
		3D07E73C21A3D71200C49924 /* PNHomeViewController.swift in Sources */ = {isa = PBXBuildFile; fileRef = 3D07E73B21A3D71200C49924 /* PNHomeViewController.swift */; };
		3D07E74121A3E1A000C49924 /* PNPersonalViewController.swift in Sources */ = {isa = PBXBuildFile; fileRef = 3D07E74021A3E1A000C49924 /* PNPersonalViewController.swift */; };
		3D07E74421A3FDA400C49924 /* Feel.swift in Sources */ = {isa = PBXBuildFile; fileRef = 3D07E74321A3FDA400C49924 /* Feel.swift */; };
		3D07E74921A50C9200C49924 /* PNSignatureView.swift in Sources */ = {isa = PBXBuildFile; fileRef = 3D07E74821A50C9200C49924 /* PNSignatureView.swift */; };
		3D07EE6921A6B41D00C49924 /* PNTextArrowView.swift in Sources */ = {isa = PBXBuildFile; fileRef = 3D07EE6821A6B41D00C49924 /* PNTextArrowView.swift */; };
		3D0CDD0D21F0819D00466FD3 /* UIColor+PNAdd.swift in Sources */ = {isa = PBXBuildFile; fileRef = 3D0CDD0C21F0819D00466FD3 /* UIColor+PNAdd.swift */; };
		3D0DC47321B51F3400963A73 /* PNSwiftViewController.swift in Sources */ = {isa = PBXBuildFile; fileRef = 3D0DC47221B51F3400963A73 /* PNSwiftViewController.swift */; };
		3D0E444721E5CF8A00E37125 /* One.swift in Sources */ = {isa = PBXBuildFile; fileRef = 3D0E444621E5CF8A00E37125 /* One.swift */; };
		3D0E444921E5CF9800E37125 /* Two.swift in Sources */ = {isa = PBXBuildFile; fileRef = 3D0E444821E5CF9800E37125 /* Two.swift */; };
		3D0E444B21E5E5F100E37125 /* PNTransViewController.swift in Sources */ = {isa = PBXBuildFile; fileRef = 3D0E444A21E5E5F100E37125 /* PNTransViewController.swift */; };
		3D57719A21C8EB5400444407 /* main.swift in Sources */ = {isa = PBXBuildFile; fileRef = 3D57719921C8EB5400444407 /* main.swift */; };
		3DA5F48A21E6E0790010688D /* String+PNAdd.swift in Sources */ = {isa = PBXBuildFile; fileRef = 3DA5F48921E6E0790010688D /* String+PNAdd.swift */; };
		3DA5F48D21E6F5160010688D /* UIFont+PNAdd.swift in Sources */ = {isa = PBXBuildFile; fileRef = 3DA5F48C21E6F5160010688D /* UIFont+PNAdd.swift */; };
		3DA5F48F21E73AE30010688D /* Int+PNAdd.swift in Sources */ = {isa = PBXBuildFile; fileRef = 3DA5F48E21E73AE30010688D /* Int+PNAdd.swift */; };
		3DA5F4BF21E75E060010688D /* HelloKit.framework in Frameworks */ = {isa = PBXBuildFile; fileRef = 3DA5F4BE21E75E060010688D /* HelloKit.framework */; };
		3DA5F4C121E837780010688D /* HelloKit.framework in CopyFiles */ = {isa = PBXBuildFile; fileRef = 3DA5F4BE21E75E060010688D /* HelloKit.framework */; settings = {ATTRIBUTES = (CodeSignOnCopy, RemoveHeadersOnCopy, ); }; };
		8CB69FE27580D73F602EE8D3 /* Pods_FeelUITests.framework in Frameworks */ = {isa = PBXBuildFile; fileRef = 30677AB72A8F2D644084AD53 /* Pods_FeelUITests.framework */; };
		BC0AB61E21F614D7001A4F0E /* PNWebController.swift in Sources */ = {isa = PBXBuildFile; fileRef = BC0AB61D21F614D7001A4F0E /* PNWebController.swift */; };
		BC0AB62721F620DE001A4F0E /* H1.html in Resources */ = {isa = PBXBuildFile; fileRef = BC0AB62621F620DE001A4F0E /* H1.html */; };
		BC0AB62921F6244B001A4F0E /* html2 in Resources */ = {isa = PBXBuildFile; fileRef = BC0AB62821F6244B001A4F0E /* html2 */; };
		BC49EEEA21A30181004F5959 /* AppDelegate.swift in Sources */ = {isa = PBXBuildFile; fileRef = BC49EEE921A30181004F5959 /* AppDelegate.swift */; };
		BC49EEEC21A30181004F5959 /* ViewController.swift in Sources */ = {isa = PBXBuildFile; fileRef = BC49EEEB21A30181004F5959 /* ViewController.swift */; };
		BC49EEEF21A30181004F5959 /* Main.storyboard in Resources */ = {isa = PBXBuildFile; fileRef = BC49EEED21A30181004F5959 /* Main.storyboard */; };
		BC49EEF121A30181004F5959 /* Assets.xcassets in Resources */ = {isa = PBXBuildFile; fileRef = BC49EEF021A30181004F5959 /* Assets.xcassets */; };
		BC49EEF421A30181004F5959 /* LaunchScreen.storyboard in Resources */ = {isa = PBXBuildFile; fileRef = BC49EEF221A30181004F5959 /* LaunchScreen.storyboard */; };
		BC49EEFF21A30181004F5959 /* FeelTests.swift in Sources */ = {isa = PBXBuildFile; fileRef = BC49EEFE21A30181004F5959 /* FeelTests.swift */; };
		BC49EF0A21A30181004F5959 /* FeelUITests.swift in Sources */ = {isa = PBXBuildFile; fileRef = BC49EF0921A30181004F5959 /* FeelUITests.swift */; };
		BC6DF27E21A30A5000765710 /* BaseModel.swift in Sources */ = {isa = PBXBuildFile; fileRef = BC6DF27D21A30A5000765710 /* BaseModel.swift */; };
		BC6DF28021A30A6600765710 /* BaseViewController.swift in Sources */ = {isa = PBXBuildFile; fileRef = BC6DF27F21A30A6600765710 /* BaseViewController.swift */; };
		BC6DF28221A30AA200765710 /* BaseNavigationController.swift in Sources */ = {isa = PBXBuildFile; fileRef = BC6DF28121A30AA200765710 /* BaseNavigationController.swift */; };
		BC6DF28621A30C1200765710 /* BaseTabBarController.swift in Sources */ = {isa = PBXBuildFile; fileRef = BC6DF28521A30C1200765710 /* BaseTabBarController.swift */; };
		C739E980188FD10EC9E647AD /* Pods_FeelTests.framework in Frameworks */ = {isa = PBXBuildFile; fileRef = 80ADDD570D778075C964719B /* Pods_FeelTests.framework */; };
/* End PBXBuildFile section */

/* Begin PBXContainerItemProxy section */
		BC49EEFB21A30181004F5959 /* PBXContainerItemProxy */ = {
			isa = PBXContainerItemProxy;
			containerPortal = BC49EEDE21A30181004F5959 /* Project object */;
			proxyType = 1;
			remoteGlobalIDString = BC49EEE521A30181004F5959;
			remoteInfo = Feel;
		};
		BC49EF0621A30181004F5959 /* PBXContainerItemProxy */ = {
			isa = PBXContainerItemProxy;
			containerPortal = BC49EEDE21A30181004F5959 /* Project object */;
			proxyType = 1;
			remoteGlobalIDString = BC49EEE521A30181004F5959;
			remoteInfo = Feel;
		};
/* End PBXContainerItemProxy section */

/* Begin PBXCopyFilesBuildPhase section */
		3DA5F4BA21E75A660010688D /* CopyFiles */ = {
			isa = PBXCopyFilesBuildPhase;
			buildActionMask = 2147483647;
			dstPath = "";
			dstSubfolderSpec = 10;
			files = (
				3DA5F4C121E837780010688D /* HelloKit.framework in CopyFiles */,
			);
			runOnlyForDeploymentPostprocessing = 0;
		};
/* End PBXCopyFilesBuildPhase section */

/* Begin PBXFileReference section */
		108948FC70C845F256B9C015 /* Pods-Feel.release.xcconfig */ = {isa = PBXFileReference; includeInIndex = 1; lastKnownFileType = text.xcconfig; name = "Pods-Feel.release.xcconfig"; path = "Pods/Target Support Files/Pods-Feel/Pods-Feel.release.xcconfig"; sourceTree = "<group>"; };
		17432D85591357D1BE7EABE9 /* Pods-FeelTests.release.xcconfig */ = {isa = PBXFileReference; includeInIndex = 1; lastKnownFileType = text.xcconfig; name = "Pods-FeelTests.release.xcconfig"; path = "Pods/Target Support Files/Pods-FeelTests/Pods-FeelTests.release.xcconfig"; sourceTree = "<group>"; };
		30677AB72A8F2D644084AD53 /* Pods_FeelUITests.framework */ = {isa = PBXFileReference; explicitFileType = wrapper.framework; includeInIndex = 0; path = Pods_FeelUITests.framework; sourceTree = BUILT_PRODUCTS_DIR; };
		33BD3DB352717137D968D952 /* Pods-FeelUITests.release.xcconfig */ = {isa = PBXFileReference; includeInIndex = 1; lastKnownFileType = text.xcconfig; name = "Pods-FeelUITests.release.xcconfig"; path = "Pods/Target Support Files/Pods-FeelUITests/Pods-FeelUITests.release.xcconfig"; sourceTree = "<group>"; };
		3D07E73B21A3D71200C49924 /* PNHomeViewController.swift */ = {isa = PBXFileReference; lastKnownFileType = sourcecode.swift; path = PNHomeViewController.swift; sourceTree = "<group>"; };
		3D07E74021A3E1A000C49924 /* PNPersonalViewController.swift */ = {isa = PBXFileReference; lastKnownFileType = sourcecode.swift; path = PNPersonalViewController.swift; sourceTree = "<group>"; };
		3D07E74321A3FDA400C49924 /* Feel.swift */ = {isa = PBXFileReference; lastKnownFileType = sourcecode.swift; path = Feel.swift; sourceTree = "<group>"; };
		3D07E74821A50C9200C49924 /* PNSignatureView.swift */ = {isa = PBXFileReference; lastKnownFileType = sourcecode.swift; path = PNSignatureView.swift; sourceTree = "<group>"; };
		3D07EE6821A6B41D00C49924 /* PNTextArrowView.swift */ = {isa = PBXFileReference; lastKnownFileType = sourcecode.swift; path = PNTextArrowView.swift; sourceTree = "<group>"; };
		3D0CDD0821F02BE500466FD3 /* Test.playground */ = {isa = PBXFileReference; lastKnownFileType = file.playground; path = Test.playground; sourceTree = "<group>"; xcLanguageSpecificationIdentifier = xcode.lang.swift; };
		3D0CDD0C21F0819D00466FD3 /* UIColor+PNAdd.swift */ = {isa = PBXFileReference; lastKnownFileType = sourcecode.swift; path = "UIColor+PNAdd.swift"; sourceTree = "<group>"; };
		3D0DC47221B51F3400963A73 /* PNSwiftViewController.swift */ = {isa = PBXFileReference; lastKnownFileType = sourcecode.swift; path = PNSwiftViewController.swift; sourceTree = "<group>"; };
		3D0E444621E5CF8A00E37125 /* One.swift */ = {isa = PBXFileReference; lastKnownFileType = sourcecode.swift; path = One.swift; sourceTree = "<group>"; };
		3D0E444821E5CF9800E37125 /* Two.swift */ = {isa = PBXFileReference; lastKnownFileType = sourcecode.swift; path = Two.swift; sourceTree = "<group>"; };
		3D0E444A21E5E5F100E37125 /* PNTransViewController.swift */ = {isa = PBXFileReference; lastKnownFileType = sourcecode.swift; path = PNTransViewController.swift; sourceTree = "<group>"; };
		3D57719921C8EB5400444407 /* main.swift */ = {isa = PBXFileReference; lastKnownFileType = sourcecode.swift; path = main.swift; sourceTree = "<group>"; };
		3DA5F48921E6E0790010688D /* String+PNAdd.swift */ = {isa = PBXFileReference; lastKnownFileType = sourcecode.swift; path = "String+PNAdd.swift"; sourceTree = "<group>"; };
		3DA5F48C21E6F5160010688D /* UIFont+PNAdd.swift */ = {isa = PBXFileReference; lastKnownFileType = sourcecode.swift; path = "UIFont+PNAdd.swift"; sourceTree = "<group>"; };
		3DA5F48E21E73AE30010688D /* Int+PNAdd.swift */ = {isa = PBXFileReference; lastKnownFileType = sourcecode.swift; path = "Int+PNAdd.swift"; sourceTree = "<group>"; };
		3DA5F4BE21E75E060010688D /* HelloKit.framework */ = {isa = PBXFileReference; lastKnownFileType = wrapper.framework; path = HelloKit.framework; sourceTree = "<group>"; };
		488564D09FFC88B7C72CFD42 /* Pods-FeelTests.debug.xcconfig */ = {isa = PBXFileReference; includeInIndex = 1; lastKnownFileType = text.xcconfig; name = "Pods-FeelTests.debug.xcconfig"; path = "Pods/Target Support Files/Pods-FeelTests/Pods-FeelTests.debug.xcconfig"; sourceTree = "<group>"; };
		80ADDD570D778075C964719B /* Pods_FeelTests.framework */ = {isa = PBXFileReference; explicitFileType = wrapper.framework; includeInIndex = 0; path = Pods_FeelTests.framework; sourceTree = BUILT_PRODUCTS_DIR; };
		8FEA66AFAB9B14FA623E7857 /* Pods_Feel.framework */ = {isa = PBXFileReference; explicitFileType = wrapper.framework; includeInIndex = 0; path = Pods_Feel.framework; sourceTree = BUILT_PRODUCTS_DIR; };
		A287BBD49F3E9DA8CCAFDF7F /* Pods-FeelUITests.debug.xcconfig */ = {isa = PBXFileReference; includeInIndex = 1; lastKnownFileType = text.xcconfig; name = "Pods-FeelUITests.debug.xcconfig"; path = "Pods/Target Support Files/Pods-FeelUITests/Pods-FeelUITests.debug.xcconfig"; sourceTree = "<group>"; };
		A5BEC3DDA2296FEAEE6A6A26 /* Pods-Feel.debug.xcconfig */ = {isa = PBXFileReference; includeInIndex = 1; lastKnownFileType = text.xcconfig; name = "Pods-Feel.debug.xcconfig"; path = "Pods/Target Support Files/Pods-Feel/Pods-Feel.debug.xcconfig"; sourceTree = "<group>"; };
		BC0AB61D21F614D7001A4F0E /* PNWebController.swift */ = {isa = PBXFileReference; lastKnownFileType = sourcecode.swift; path = PNWebController.swift; sourceTree = "<group>"; };
		BC0AB62621F620DE001A4F0E /* H1.html */ = {isa = PBXFileReference; fileEncoding = 4; lastKnownFileType = text.html; path = H1.html; sourceTree = "<group>"; };
		BC0AB62821F6244B001A4F0E /* html2 */ = {isa = PBXFileReference; lastKnownFileType = folder; path = html2; sourceTree = "<group>"; };
		BC49EEE621A30181004F5959 /* Feel.app */ = {isa = PBXFileReference; explicitFileType = wrapper.application; includeInIndex = 0; path = Feel.app; sourceTree = BUILT_PRODUCTS_DIR; };
		BC49EEE921A30181004F5959 /* AppDelegate.swift */ = {isa = PBXFileReference; lastKnownFileType = sourcecode.swift; path = AppDelegate.swift; sourceTree = "<group>"; };
		BC49EEEB21A30181004F5959 /* ViewController.swift */ = {isa = PBXFileReference; lastKnownFileType = sourcecode.swift; path = ViewController.swift; sourceTree = "<group>"; };
		BC49EEEE21A30181004F5959 /* Base */ = {isa = PBXFileReference; lastKnownFileType = file.storyboard; name = Base; path = Base.lproj/Main.storyboard; sourceTree = "<group>"; };
		BC49EEF021A30181004F5959 /* Assets.xcassets */ = {isa = PBXFileReference; lastKnownFileType = folder.assetcatalog; path = Assets.xcassets; sourceTree = "<group>"; };
		BC49EEF321A30181004F5959 /* Base */ = {isa = PBXFileReference; lastKnownFileType = file.storyboard; name = Base; path = Base.lproj/LaunchScreen.storyboard; sourceTree = "<group>"; };
		BC49EEF521A30181004F5959 /* Info.plist */ = {isa = PBXFileReference; lastKnownFileType = text.plist.xml; path = Info.plist; sourceTree = "<group>"; };
		BC49EEFA21A30181004F5959 /* FeelTests.xctest */ = {isa = PBXFileReference; explicitFileType = wrapper.cfbundle; includeInIndex = 0; path = FeelTests.xctest; sourceTree = BUILT_PRODUCTS_DIR; };
		BC49EEFE21A30181004F5959 /* FeelTests.swift */ = {isa = PBXFileReference; lastKnownFileType = sourcecode.swift; path = FeelTests.swift; sourceTree = "<group>"; };
		BC49EF0021A30181004F5959 /* Info.plist */ = {isa = PBXFileReference; lastKnownFileType = text.plist.xml; path = Info.plist; sourceTree = "<group>"; };
		BC49EF0521A30181004F5959 /* FeelUITests.xctest */ = {isa = PBXFileReference; explicitFileType = wrapper.cfbundle; includeInIndex = 0; path = FeelUITests.xctest; sourceTree = BUILT_PRODUCTS_DIR; };
		BC49EF0921A30181004F5959 /* FeelUITests.swift */ = {isa = PBXFileReference; lastKnownFileType = sourcecode.swift; path = FeelUITests.swift; sourceTree = "<group>"; };
		BC49EF0B21A30181004F5959 /* Info.plist */ = {isa = PBXFileReference; lastKnownFileType = text.plist.xml; path = Info.plist; sourceTree = "<group>"; };
		BC6DF27D21A30A5000765710 /* BaseModel.swift */ = {isa = PBXFileReference; lastKnownFileType = sourcecode.swift; path = BaseModel.swift; sourceTree = "<group>"; };
		BC6DF27F21A30A6600765710 /* BaseViewController.swift */ = {isa = PBXFileReference; lastKnownFileType = sourcecode.swift; path = BaseViewController.swift; sourceTree = "<group>"; };
		BC6DF28121A30AA200765710 /* BaseNavigationController.swift */ = {isa = PBXFileReference; lastKnownFileType = sourcecode.swift; path = BaseNavigationController.swift; sourceTree = "<group>"; };
		BC6DF28521A30C1200765710 /* BaseTabBarController.swift */ = {isa = PBXFileReference; lastKnownFileType = sourcecode.swift; path = BaseTabBarController.swift; sourceTree = "<group>"; };
/* End PBXFileReference section */

/* Begin PBXFrameworksBuildPhase section */
		BC49EEE321A30181004F5959 /* Frameworks */ = {
			isa = PBXFrameworksBuildPhase;
			buildActionMask = 2147483647;
			files = (
				3DA5F4BF21E75E060010688D /* HelloKit.framework in Frameworks */,
				0011BD1B1454B1743658864B /* Pods_Feel.framework in Frameworks */,
			);
			runOnlyForDeploymentPostprocessing = 0;
		};
		BC49EEF721A30181004F5959 /* Frameworks */ = {
			isa = PBXFrameworksBuildPhase;
			buildActionMask = 2147483647;
			files = (
				C739E980188FD10EC9E647AD /* Pods_FeelTests.framework in Frameworks */,
			);
			runOnlyForDeploymentPostprocessing = 0;
		};
		BC49EF0221A30181004F5959 /* Frameworks */ = {
			isa = PBXFrameworksBuildPhase;
			buildActionMask = 2147483647;
			files = (
				8CB69FE27580D73F602EE8D3 /* Pods_FeelUITests.framework in Frameworks */,
			);
			runOnlyForDeploymentPostprocessing = 0;
		};
/* End PBXFrameworksBuildPhase section */

/* Begin PBXGroup section */
		3D07E73A21A3D65E00C49924 /* Home */ = {
			isa = PBXGroup;
			children = (
				3D07E73B21A3D71200C49924 /* PNHomeViewController.swift */,
				3DA5F4C021E828C60010688D /* view */,
				3D0E444A21E5E5F100E37125 /* PNTransViewController.swift */,
			);
			path = Home;
			sourceTree = "<group>";
		};
		3D07E73D21A3DF9D00C49924 /* Personal */ = {
			isa = PBXGroup;
			children = (
				3D07E74021A3E1A000C49924 /* PNPersonalViewController.swift */,
			);
			path = Personal;
			sourceTree = "<group>";
		};
		3D0DC47421B51F3C00963A73 /* Swift */ = {
			isa = PBXGroup;
			children = (
				BC0AB62821F6244B001A4F0E /* html2 */,
				BC0AB62521F620DE001A4F0E /* html1 */,
				3D0DC47221B51F3400963A73 /* PNSwiftViewController.swift */,
				3D0E444621E5CF8A00E37125 /* One.swift */,
				3D0E444821E5CF9800E37125 /* Two.swift */,
				BC0AB61D21F614D7001A4F0E /* PNWebController.swift */,
			);
			path = Swift;
			sourceTree = "<group>";
		};
		3DA5F48B21E6E0840010688D /* Extension */ = {
			isa = PBXGroup;
			children = (
				3DA5F48921E6E0790010688D /* String+PNAdd.swift */,
				3DA5F48C21E6F5160010688D /* UIFont+PNAdd.swift */,
				3DA5F48E21E73AE30010688D /* Int+PNAdd.swift */,
				3D0CDD0C21F0819D00466FD3 /* UIColor+PNAdd.swift */,
			);
			path = Extension;
			sourceTree = "<group>";
		};
		3DA5F4C021E828C60010688D /* view */ = {
			isa = PBXGroup;
			children = (
				3D07E74821A50C9200C49924 /* PNSignatureView.swift */,
				3D07EE6821A6B41D00C49924 /* PNTextArrowView.swift */,
			);
			path = view;
			sourceTree = "<group>";
		};
		A30267B17108434B474EDC34 /* Pods */ = {
			isa = PBXGroup;
			children = (
				A5BEC3DDA2296FEAEE6A6A26 /* Pods-Feel.debug.xcconfig */,
				108948FC70C845F256B9C015 /* Pods-Feel.release.xcconfig */,
				488564D09FFC88B7C72CFD42 /* Pods-FeelTests.debug.xcconfig */,
				17432D85591357D1BE7EABE9 /* Pods-FeelTests.release.xcconfig */,
				A287BBD49F3E9DA8CCAFDF7F /* Pods-FeelUITests.debug.xcconfig */,
				33BD3DB352717137D968D952 /* Pods-FeelUITests.release.xcconfig */,
			);
			name = Pods;
			sourceTree = "<group>";
		};
		A990E6AED8C6B24B9788F69B /* Frameworks */ = {
			isa = PBXGroup;
			children = (
				8FEA66AFAB9B14FA623E7857 /* Pods_Feel.framework */,
				80ADDD570D778075C964719B /* Pods_FeelTests.framework */,
				30677AB72A8F2D644084AD53 /* Pods_FeelUITests.framework */,
			);
			name = Frameworks;
			sourceTree = "<group>";
		};
		BC0AB62521F620DE001A4F0E /* html1 */ = {
			isa = PBXGroup;
			children = (
				BC0AB62621F620DE001A4F0E /* H1.html */,
			);
			path = html1;
			sourceTree = "<group>";
		};
		BC49EEDD21A30181004F5959 = {
			isa = PBXGroup;
			children = (
				3D0CDD0821F02BE500466FD3 /* Test.playground */,
				3D07E74321A3FDA400C49924 /* Feel.swift */,
				3DA5F4BE21E75E060010688D /* HelloKit.framework */,
				BC49EEE821A30181004F5959 /* Feel */,
				BC49EEFD21A30181004F5959 /* FeelTests */,
				BC49EF0821A30181004F5959 /* FeelUITests */,
				BC49EEE721A30181004F5959 /* Products */,
				A30267B17108434B474EDC34 /* Pods */,
				A990E6AED8C6B24B9788F69B /* Frameworks */,
			);
			sourceTree = "<group>";
		};
		BC49EEE721A30181004F5959 /* Products */ = {
			isa = PBXGroup;
			children = (
				BC49EEE621A30181004F5959 /* Feel.app */,
				BC49EEFA21A30181004F5959 /* FeelTests.xctest */,
				BC49EF0521A30181004F5959 /* FeelUITests.xctest */,
			);
			name = Products;
			sourceTree = "<group>";
		};
		BC49EEE821A30181004F5959 /* Feel */ = {
			isa = PBXGroup;
			children = (
				3D0DC47421B51F3C00963A73 /* Swift */,
				3D07E73D21A3DF9D00C49924 /* Personal */,
				3D07E73A21A3D65E00C49924 /* Home */,
				BC6DF27C21A309F800765710 /* FLBase */,
				BC49EEE921A30181004F5959 /* AppDelegate.swift */,
				BC49EEEB21A30181004F5959 /* ViewController.swift */,
				BC49EEED21A30181004F5959 /* Main.storyboard */,
				BC49EEF021A30181004F5959 /* Assets.xcassets */,
				BC49EEF221A30181004F5959 /* LaunchScreen.storyboard */,
				BC49EEF521A30181004F5959 /* Info.plist */,
				3D57719921C8EB5400444407 /* main.swift */,
				3DA5F48B21E6E0840010688D /* Extension */,
			);
			path = Feel;
			sourceTree = "<group>";
		};
		BC49EEFD21A30181004F5959 /* FeelTests */ = {
			isa = PBXGroup;
			children = (
				BC49EEFE21A30181004F5959 /* FeelTests.swift */,
				BC49EF0021A30181004F5959 /* Info.plist */,
			);
			path = FeelTests;
			sourceTree = "<group>";
		};
		BC49EF0821A30181004F5959 /* FeelUITests */ = {
			isa = PBXGroup;
			children = (
				BC49EF0921A30181004F5959 /* FeelUITests.swift */,
				BC49EF0B21A30181004F5959 /* Info.plist */,
			);
			path = FeelUITests;
			sourceTree = "<group>";
		};
		BC6DF27C21A309F800765710 /* FLBase */ = {
			isa = PBXGroup;
			children = (
				BC6DF27D21A30A5000765710 /* BaseModel.swift */,
				BC6DF27F21A30A6600765710 /* BaseViewController.swift */,
				BC6DF28121A30AA200765710 /* BaseNavigationController.swift */,
				BC6DF28521A30C1200765710 /* BaseTabBarController.swift */,
			);
			path = FLBase;
			sourceTree = "<group>";
		};
/* End PBXGroup section */

/* Begin PBXNativeTarget section */
		BC49EEE521A30181004F5959 /* Feel */ = {
			isa = PBXNativeTarget;
			buildConfigurationList = BC49EF0E21A30181004F5959 /* Build configuration list for PBXNativeTarget "Feel" */;
			buildPhases = (
				C64538ABCD765C97DFE99BF1 /* [CP] Check Pods Manifest.lock */,
				BC49EEE221A30181004F5959 /* Sources */,
				BC49EEE321A30181004F5959 /* Frameworks */,
				BC49EEE421A30181004F5959 /* Resources */,
				9254927F22DB1E756EDEEE4B /* [CP] Embed Pods Frameworks */,
				3DA5F4BA21E75A660010688D /* CopyFiles */,
			);
			buildRules = (
			);
			dependencies = (
			);
			name = Feel;
			productName = Feel;
			productReference = BC49EEE621A30181004F5959 /* Feel.app */;
			productType = "com.apple.product-type.application";
		};
		BC49EEF921A30181004F5959 /* FeelTests */ = {
			isa = PBXNativeTarget;
			buildConfigurationList = BC49EF1121A30181004F5959 /* Build configuration list for PBXNativeTarget "FeelTests" */;
			buildPhases = (
				C9ED71AE51D5A7EFE468E75C /* [CP] Check Pods Manifest.lock */,
				BC49EEF621A30181004F5959 /* Sources */,
				BC49EEF721A30181004F5959 /* Frameworks */,
				BC49EEF821A30181004F5959 /* Resources */,
			);
			buildRules = (
			);
			dependencies = (
				BC49EEFC21A30181004F5959 /* PBXTargetDependency */,
			);
			name = FeelTests;
			productName = FeelTests;
			productReference = BC49EEFA21A30181004F5959 /* FeelTests.xctest */;
			productType = "com.apple.product-type.bundle.unit-test";
		};
		BC49EF0421A30181004F5959 /* FeelUITests */ = {
			isa = PBXNativeTarget;
			buildConfigurationList = BC49EF1421A30181004F5959 /* Build configuration list for PBXNativeTarget "FeelUITests" */;
			buildPhases = (
				98419ADFFB8AD0F54BE351A0 /* [CP] Check Pods Manifest.lock */,
				BC49EF0121A30181004F5959 /* Sources */,
				BC49EF0221A30181004F5959 /* Frameworks */,
				BC49EF0321A30181004F5959 /* Resources */,
			);
			buildRules = (
			);
			dependencies = (
				BC49EF0721A30181004F5959 /* PBXTargetDependency */,
			);
			name = FeelUITests;
			productName = FeelUITests;
			productReference = BC49EF0521A30181004F5959 /* FeelUITests.xctest */;
			productType = "com.apple.product-type.bundle.ui-testing";
		};
/* End PBXNativeTarget section */

/* Begin PBXProject section */
		BC49EEDE21A30181004F5959 /* Project object */ = {
			isa = PBXProject;
			attributes = {
				CLASSPREFIX = PN;
				LastSwiftUpdateCheck = 1000;
				LastUpgradeCheck = 1000;
				ORGANIZATIONNAME = PINN;
				TargetAttributes = {
					BC49EEE521A30181004F5959 = {
						CreatedOnToolsVersion = 10.0;
					};
					BC49EEF921A30181004F5959 = {
						CreatedOnToolsVersion = 10.0;
						TestTargetID = BC49EEE521A30181004F5959;
					};
					BC49EF0421A30181004F5959 = {
						CreatedOnToolsVersion = 10.0;
						TestTargetID = BC49EEE521A30181004F5959;
					};
				};
			};
			buildConfigurationList = BC49EEE121A30181004F5959 /* Build configuration list for PBXProject "Feel" */;
			compatibilityVersion = "Xcode 9.3";
			developmentRegion = en;
			hasScannedForEncodings = 0;
			knownRegions = (
				en,
				Base,
			);
			mainGroup = BC49EEDD21A30181004F5959;
			productRefGroup = BC49EEE721A30181004F5959 /* Products */;
			projectDirPath = "";
			projectRoot = "";
			targets = (
				BC49EEE521A30181004F5959 /* Feel */,
				BC49EEF921A30181004F5959 /* FeelTests */,
				BC49EF0421A30181004F5959 /* FeelUITests */,
			);
		};
/* End PBXProject section */

/* Begin PBXResourcesBuildPhase section */
		BC49EEE421A30181004F5959 /* Resources */ = {
			isa = PBXResourcesBuildPhase;
			buildActionMask = 2147483647;
			files = (
				BC49EEF421A30181004F5959 /* LaunchScreen.storyboard in Resources */,
				BC0AB62721F620DE001A4F0E /* H1.html in Resources */,
				BC0AB62921F6244B001A4F0E /* html2 in Resources */,
				BC49EEF121A30181004F5959 /* Assets.xcassets in Resources */,
				BC49EEEF21A30181004F5959 /* Main.storyboard in Resources */,
			);
			runOnlyForDeploymentPostprocessing = 0;
		};
		BC49EEF821A30181004F5959 /* Resources */ = {
			isa = PBXResourcesBuildPhase;
			buildActionMask = 2147483647;
			files = (
			);
			runOnlyForDeploymentPostprocessing = 0;
		};
		BC49EF0321A30181004F5959 /* Resources */ = {
			isa = PBXResourcesBuildPhase;
			buildActionMask = 2147483647;
			files = (
			);
			runOnlyForDeploymentPostprocessing = 0;
		};
/* End PBXResourcesBuildPhase section */

/* Begin PBXShellScriptBuildPhase section */
		9254927F22DB1E756EDEEE4B /* [CP] Embed Pods Frameworks */ = {
			isa = PBXShellScriptBuildPhase;
			buildActionMask = 2147483647;
			files = (
			);
			inputFileListPaths = (
			);
			inputPaths = (
				"${SRCROOT}/Pods/Target Support Files/Pods-Feel/Pods-Feel-frameworks.sh",
				"${BUILT_PRODUCTS_DIR}/Alamofire/Alamofire.framework",
				"${BUILT_PRODUCTS_DIR}/Masonry/Masonry.framework",
				"${BUILT_PRODUCTS_DIR}/SnapKit/SnapKit.framework",
			);
			name = "[CP] Embed Pods Frameworks";
			outputFileListPaths = (
			);
			outputPaths = (
				"${TARGET_BUILD_DIR}/${FRAMEWORKS_FOLDER_PATH}/Alamofire.framework",
				"${TARGET_BUILD_DIR}/${FRAMEWORKS_FOLDER_PATH}/Masonry.framework",
				"${TARGET_BUILD_DIR}/${FRAMEWORKS_FOLDER_PATH}/SnapKit.framework",
			);
			runOnlyForDeploymentPostprocessing = 0;
			shellPath = /bin/sh;
			shellScript = "\"${SRCROOT}/Pods/Target Support Files/Pods-Feel/Pods-Feel-frameworks.sh\"\n";
			showEnvVarsInLog = 0;
		};
		98419ADFFB8AD0F54BE351A0 /* [CP] Check Pods Manifest.lock */ = {
			isa = PBXShellScriptBuildPhase;
			buildActionMask = 2147483647;
			files = (
			);
			inputFileListPaths = (
			);
			inputPaths = (
				"${PODS_PODFILE_DIR_PATH}/Podfile.lock",
				"${PODS_ROOT}/Manifest.lock",
			);
			name = "[CP] Check Pods Manifest.lock";
			outputFileListPaths = (
			);
			outputPaths = (
				"$(DERIVED_FILE_DIR)/Pods-FeelUITests-checkManifestLockResult.txt",
			);
			runOnlyForDeploymentPostprocessing = 0;
			shellPath = /bin/sh;
			shellScript = "diff \"${PODS_PODFILE_DIR_PATH}/Podfile.lock\" \"${PODS_ROOT}/Manifest.lock\" > /dev/null\nif [ $? != 0 ] ; then\n    # print error to STDERR\n    echo \"error: The sandbox is not in sync with the Podfile.lock. Run 'pod install' or update your CocoaPods installation.\" >&2\n    exit 1\nfi\n# This output is used by Xcode 'outputs' to avoid re-running this script phase.\necho \"SUCCESS\" > \"${SCRIPT_OUTPUT_FILE_0}\"\n";
			showEnvVarsInLog = 0;
		};
		C64538ABCD765C97DFE99BF1 /* [CP] Check Pods Manifest.lock */ = {
			isa = PBXShellScriptBuildPhase;
			buildActionMask = 2147483647;
			files = (
			);
			inputFileListPaths = (
			);
			inputPaths = (
				"${PODS_PODFILE_DIR_PATH}/Podfile.lock",
				"${PODS_ROOT}/Manifest.lock",
			);
			name = "[CP] Check Pods Manifest.lock";
			outputFileListPaths = (
			);
			outputPaths = (
				"$(DERIVED_FILE_DIR)/Pods-Feel-checkManifestLockResult.txt",
			);
			runOnlyForDeploymentPostprocessing = 0;
			shellPath = /bin/sh;
			shellScript = "diff \"${PODS_PODFILE_DIR_PATH}/Podfile.lock\" \"${PODS_ROOT}/Manifest.lock\" > /dev/null\nif [ $? != 0 ] ; then\n    # print error to STDERR\n    echo \"error: The sandbox is not in sync with the Podfile.lock. Run 'pod install' or update your CocoaPods installation.\" >&2\n    exit 1\nfi\n# This output is used by Xcode 'outputs' to avoid re-running this script phase.\necho \"SUCCESS\" > \"${SCRIPT_OUTPUT_FILE_0}\"\n";
			showEnvVarsInLog = 0;
		};
		C9ED71AE51D5A7EFE468E75C /* [CP] Check Pods Manifest.lock */ = {
			isa = PBXShellScriptBuildPhase;
			buildActionMask = 2147483647;
			files = (
			);
			inputFileListPaths = (
			);
			inputPaths = (
				"${PODS_PODFILE_DIR_PATH}/Podfile.lock",
				"${PODS_ROOT}/Manifest.lock",
			);
			name = "[CP] Check Pods Manifest.lock";
			outputFileListPaths = (
			);
			outputPaths = (
				"$(DERIVED_FILE_DIR)/Pods-FeelTests-checkManifestLockResult.txt",
			);
			runOnlyForDeploymentPostprocessing = 0;
			shellPath = /bin/sh;
			shellScript = "diff \"${PODS_PODFILE_DIR_PATH}/Podfile.lock\" \"${PODS_ROOT}/Manifest.lock\" > /dev/null\nif [ $? != 0 ] ; then\n    # print error to STDERR\n    echo \"error: The sandbox is not in sync with the Podfile.lock. Run 'pod install' or update your CocoaPods installation.\" >&2\n    exit 1\nfi\n# This output is used by Xcode 'outputs' to avoid re-running this script phase.\necho \"SUCCESS\" > \"${SCRIPT_OUTPUT_FILE_0}\"\n";
			showEnvVarsInLog = 0;
		};
/* End PBXShellScriptBuildPhase section */

/* Begin PBXSourcesBuildPhase section */
		BC49EEE221A30181004F5959 /* Sources */ = {
			isa = PBXSourcesBuildPhase;
			buildActionMask = 2147483647;
			files = (
				3D07E73C21A3D71200C49924 /* PNHomeViewController.swift in Sources */,
				BC0AB61E21F614D7001A4F0E /* PNWebController.swift in Sources */,
				3D0CDD0D21F0819D00466FD3 /* UIColor+PNAdd.swift in Sources */,
				3D07E74421A3FDA400C49924 /* Feel.swift in Sources */,
				3DA5F48D21E6F5160010688D /* UIFont+PNAdd.swift in Sources */,
				3DA5F48F21E73AE30010688D /* Int+PNAdd.swift in Sources */,
				BC49EEEC21A30181004F5959 /* ViewController.swift in Sources */,
				3D07E74121A3E1A000C49924 /* PNPersonalViewController.swift in Sources */,
				3D0DC47321B51F3400963A73 /* PNSwiftViewController.swift in Sources */,
				BC6DF28021A30A6600765710 /* BaseViewController.swift in Sources */,
				3D0E444721E5CF8A00E37125 /* One.swift in Sources */,
				3D07EE6921A6B41D00C49924 /* PNTextArrowView.swift in Sources */,
				3D07E74921A50C9200C49924 /* PNSignatureView.swift in Sources */,
				3DA5F48A21E6E0790010688D /* String+PNAdd.swift in Sources */,
				BC6DF28621A30C1200765710 /* BaseTabBarController.swift in Sources */,
				3D57719A21C8EB5400444407 /* main.swift in Sources */,
				3D0E444B21E5E5F100E37125 /* PNTransViewController.swift in Sources */,
				BC6DF27E21A30A5000765710 /* BaseModel.swift in Sources */,
				3D0E444921E5CF9800E37125 /* Two.swift in Sources */,
				BC6DF28221A30AA200765710 /* BaseNavigationController.swift in Sources */,
				BC49EEEA21A30181004F5959 /* AppDelegate.swift in Sources */,
			);
			runOnlyForDeploymentPostprocessing = 0;
		};
		BC49EEF621A30181004F5959 /* Sources */ = {
			isa = PBXSourcesBuildPhase;
			buildActionMask = 2147483647;
			files = (
				BC49EEFF21A30181004F5959 /* FeelTests.swift in Sources */,
			);
			runOnlyForDeploymentPostprocessing = 0;
		};
		BC49EF0121A30181004F5959 /* Sources */ = {
			isa = PBXSourcesBuildPhase;
			buildActionMask = 2147483647;
			files = (
				BC49EF0A21A30181004F5959 /* FeelUITests.swift in Sources */,
			);
			runOnlyForDeploymentPostprocessing = 0;
		};
/* End PBXSourcesBuildPhase section */

/* Begin PBXTargetDependency section */
		BC49EEFC21A30181004F5959 /* PBXTargetDependency */ = {
			isa = PBXTargetDependency;
			target = BC49EEE521A30181004F5959 /* Feel */;
			targetProxy = BC49EEFB21A30181004F5959 /* PBXContainerItemProxy */;
		};
		BC49EF0721A30181004F5959 /* PBXTargetDependency */ = {
			isa = PBXTargetDependency;
			target = BC49EEE521A30181004F5959 /* Feel */;
			targetProxy = BC49EF0621A30181004F5959 /* PBXContainerItemProxy */;
		};
/* End PBXTargetDependency section */

/* Begin PBXVariantGroup section */
		BC49EEED21A30181004F5959 /* Main.storyboard */ = {
			isa = PBXVariantGroup;
			children = (
				BC49EEEE21A30181004F5959 /* Base */,
			);
			name = Main.storyboard;
			sourceTree = "<group>";
		};
		BC49EEF221A30181004F5959 /* LaunchScreen.storyboard */ = {
			isa = PBXVariantGroup;
			children = (
				BC49EEF321A30181004F5959 /* Base */,
			);
			name = LaunchScreen.storyboard;
			sourceTree = "<group>";
		};
/* End PBXVariantGroup section */

/* Begin XCBuildConfiguration section */
		BC49EF0C21A30181004F5959 /* Debug */ = {
			isa = XCBuildConfiguration;
			buildSettings = {
				ALWAYS_SEARCH_USER_PATHS = NO;
				CLANG_ANALYZER_NONNULL = YES;
				CLANG_ANALYZER_NUMBER_OBJECT_CONVERSION = YES_AGGRESSIVE;
				CLANG_CXX_LANGUAGE_STANDARD = "gnu++14";
				CLANG_CXX_LIBRARY = "libc++";
				CLANG_ENABLE_MODULES = YES;
				CLANG_ENABLE_OBJC_ARC = YES;
				CLANG_ENABLE_OBJC_WEAK = YES;
				CLANG_WARN_BLOCK_CAPTURE_AUTORELEASING = YES;
				CLANG_WARN_BOOL_CONVERSION = YES;
				CLANG_WARN_COMMA = YES;
				CLANG_WARN_CONSTANT_CONVERSION = YES;
				CLANG_WARN_DEPRECATED_OBJC_IMPLEMENTATIONS = YES;
				CLANG_WARN_DIRECT_OBJC_ISA_USAGE = YES_ERROR;
				CLANG_WARN_DOCUMENTATION_COMMENTS = YES;
				CLANG_WARN_EMPTY_BODY = YES;
				CLANG_WARN_ENUM_CONVERSION = YES;
				CLANG_WARN_INFINITE_RECURSION = YES;
				CLANG_WARN_INT_CONVERSION = YES;
				CLANG_WARN_NON_LITERAL_NULL_CONVERSION = YES;
				CLANG_WARN_OBJC_IMPLICIT_RETAIN_SELF = YES;
				CLANG_WARN_OBJC_LITERAL_CONVERSION = YES;
				CLANG_WARN_OBJC_ROOT_CLASS = YES_ERROR;
				CLANG_WARN_RANGE_LOOP_ANALYSIS = YES;
				CLANG_WARN_STRICT_PROTOTYPES = YES;
				CLANG_WARN_SUSPICIOUS_MOVE = YES;
				CLANG_WARN_UNGUARDED_AVAILABILITY = YES_AGGRESSIVE;
				CLANG_WARN_UNREACHABLE_CODE = YES;
				CLANG_WARN__DUPLICATE_METHOD_MATCH = YES;
				CODE_SIGN_IDENTITY = "iPhone Developer";
				COPY_PHASE_STRIP = NO;
				DEBUG_INFORMATION_FORMAT = dwarf;
				ENABLE_STRICT_OBJC_MSGSEND = YES;
				ENABLE_TESTABILITY = YES;
				GCC_C_LANGUAGE_STANDARD = gnu11;
				GCC_DYNAMIC_NO_PIC = NO;
				GCC_NO_COMMON_BLOCKS = YES;
				GCC_OPTIMIZATION_LEVEL = 0;
				GCC_PREPROCESSOR_DEFINITIONS = (
					"DEBUG=1",
					"$(inherited)",
				);
				GCC_WARN_64_TO_32_BIT_CONVERSION = YES;
				GCC_WARN_ABOUT_RETURN_TYPE = YES_ERROR;
				GCC_WARN_UNDECLARED_SELECTOR = YES;
				GCC_WARN_UNINITIALIZED_AUTOS = YES_AGGRESSIVE;
				GCC_WARN_UNUSED_FUNCTION = YES;
				GCC_WARN_UNUSED_VARIABLE = YES;
				IPHONEOS_DEPLOYMENT_TARGET = 9.0;
				MTL_ENABLE_DEBUG_INFO = INCLUDE_SOURCE;
				MTL_FAST_MATH = YES;
				ONLY_ACTIVE_ARCH = YES;
				SDKROOT = iphoneos;
				SWIFT_ACTIVE_COMPILATION_CONDITIONS = DEBUG;
				SWIFT_OPTIMIZATION_LEVEL = "-Onone";
			};
			name = Debug;
		};
		BC49EF0D21A30181004F5959 /* Release */ = {
			isa = XCBuildConfiguration;
			buildSettings = {
				ALWAYS_SEARCH_USER_PATHS = NO;
				CLANG_ANALYZER_NONNULL = YES;
				CLANG_ANALYZER_NUMBER_OBJECT_CONVERSION = YES_AGGRESSIVE;
				CLANG_CXX_LANGUAGE_STANDARD = "gnu++14";
				CLANG_CXX_LIBRARY = "libc++";
				CLANG_ENABLE_MODULES = YES;
				CLANG_ENABLE_OBJC_ARC = YES;
				CLANG_ENABLE_OBJC_WEAK = YES;
				CLANG_WARN_BLOCK_CAPTURE_AUTORELEASING = YES;
				CLANG_WARN_BOOL_CONVERSION = YES;
				CLANG_WARN_COMMA = YES;
				CLANG_WARN_CONSTANT_CONVERSION = YES;
				CLANG_WARN_DEPRECATED_OBJC_IMPLEMENTATIONS = YES;
				CLANG_WARN_DIRECT_OBJC_ISA_USAGE = YES_ERROR;
				CLANG_WARN_DOCUMENTATION_COMMENTS = YES;
				CLANG_WARN_EMPTY_BODY = YES;
				CLANG_WARN_ENUM_CONVERSION = YES;
				CLANG_WARN_INFINITE_RECURSION = YES;
				CLANG_WARN_INT_CONVERSION = YES;
				CLANG_WARN_NON_LITERAL_NULL_CONVERSION = YES;
				CLANG_WARN_OBJC_IMPLICIT_RETAIN_SELF = YES;
				CLANG_WARN_OBJC_LITERAL_CONVERSION = YES;
				CLANG_WARN_OBJC_ROOT_CLASS = YES_ERROR;
				CLANG_WARN_RANGE_LOOP_ANALYSIS = YES;
				CLANG_WARN_STRICT_PROTOTYPES = YES;
				CLANG_WARN_SUSPICIOUS_MOVE = YES;
				CLANG_WARN_UNGUARDED_AVAILABILITY = YES_AGGRESSIVE;
				CLANG_WARN_UNREACHABLE_CODE = YES;
				CLANG_WARN__DUPLICATE_METHOD_MATCH = YES;
				CODE_SIGN_IDENTITY = "iPhone Developer";
				COPY_PHASE_STRIP = NO;
				DEBUG_INFORMATION_FORMAT = "dwarf-with-dsym";
				ENABLE_NS_ASSERTIONS = NO;
				ENABLE_STRICT_OBJC_MSGSEND = YES;
				GCC_C_LANGUAGE_STANDARD = gnu11;
				GCC_NO_COMMON_BLOCKS = YES;
				GCC_WARN_64_TO_32_BIT_CONVERSION = YES;
				GCC_WARN_ABOUT_RETURN_TYPE = YES_ERROR;
				GCC_WARN_UNDECLARED_SELECTOR = YES;
				GCC_WARN_UNINITIALIZED_AUTOS = YES_AGGRESSIVE;
				GCC_WARN_UNUSED_FUNCTION = YES;
				GCC_WARN_UNUSED_VARIABLE = YES;
				IPHONEOS_DEPLOYMENT_TARGET = 9.0;
				MTL_ENABLE_DEBUG_INFO = NO;
				MTL_FAST_MATH = YES;
				SDKROOT = iphoneos;
				SWIFT_COMPILATION_MODE = wholemodule;
				SWIFT_OPTIMIZATION_LEVEL = "-O";
				VALIDATE_PRODUCT = YES;
			};
			name = Release;
		};
		BC49EF0F21A30181004F5959 /* Debug */ = {
			isa = XCBuildConfiguration;
			baseConfigurationReference = A5BEC3DDA2296FEAEE6A6A26 /* Pods-Feel.debug.xcconfig */;
			buildSettings = {
				ASSETCATALOG_COMPILER_APPICON_NAME = AppIcon;
				CODE_SIGN_STYLE = Automatic;
				DEVELOPMENT_TEAM = 4B2WMR5XE5;
				FRAMEWORK_SEARCH_PATHS = (
					"$(inherited)",
					"$(PROJECT_DIR)",
				);
				INFOPLIST_FILE = Feel/Info.plist;
				LD_RUNPATH_SEARCH_PATHS = (
					"$(inherited)",
					"@executable_path/Frameworks",
				);
				PRODUCT_BUNDLE_IDENTIFIER = com.pinn.Feel;
				PRODUCT_NAME = "$(TARGET_NAME)";
				SWIFT_VERSION = 4.2;
				TARGETED_DEVICE_FAMILY = "1,2";
			};
			name = Debug;
		};
		BC49EF1021A30181004F5959 /* Release */ = {
			isa = XCBuildConfiguration;
			baseConfigurationReference = 108948FC70C845F256B9C015 /* Pods-Feel.release.xcconfig */;
			buildSettings = {
				ASSETCATALOG_COMPILER_APPICON_NAME = AppIcon;
				CODE_SIGN_STYLE = Automatic;
				DEVELOPMENT_TEAM = 4B2WMR5XE5;
				FRAMEWORK_SEARCH_PATHS = (
					"$(inherited)",
					"$(PROJECT_DIR)",
				);
				INFOPLIST_FILE = Feel/Info.plist;
				LD_RUNPATH_SEARCH_PATHS = (
					"$(inherited)",
					"@executable_path/Frameworks",
				);
				PRODUCT_BUNDLE_IDENTIFIER = com.pinn.Feel;
				PRODUCT_NAME = "$(TARGET_NAME)";
				SWIFT_VERSION = 4.2;
				TARGETED_DEVICE_FAMILY = "1,2";
			};
			name = Release;
		};
		BC49EF1221A30181004F5959 /* Debug */ = {
			isa = XCBuildConfiguration;
			baseConfigurationReference = 488564D09FFC88B7C72CFD42 /* Pods-FeelTests.debug.xcconfig */;
			buildSettings = {
				ALWAYS_EMBED_SWIFT_STANDARD_LIBRARIES = YES;
				BUNDLE_LOADER = "$(TEST_HOST)";
				CODE_SIGN_STYLE = Automatic;
				DEVELOPMENT_TEAM = 4B2WMR5XE5;
				INFOPLIST_FILE = FeelTests/Info.plist;
				LD_RUNPATH_SEARCH_PATHS = (
					"$(inherited)",
					"@executable_path/Frameworks",
					"@loader_path/Frameworks",
				);
				PRODUCT_BUNDLE_IDENTIFIER = com.pinn.FeelTests;
				PRODUCT_NAME = "$(TARGET_NAME)";
				SWIFT_VERSION = 4.2;
				TARGETED_DEVICE_FAMILY = "1,2";
				TEST_HOST = "$(BUILT_PRODUCTS_DIR)/Feel.app/Feel";
			};
			name = Debug;
		};
		BC49EF1321A30181004F5959 /* Release */ = {
			isa = XCBuildConfiguration;
			baseConfigurationReference = 17432D85591357D1BE7EABE9 /* Pods-FeelTests.release.xcconfig */;
			buildSettings = {
				ALWAYS_EMBED_SWIFT_STANDARD_LIBRARIES = YES;
				BUNDLE_LOADER = "$(TEST_HOST)";
				CODE_SIGN_STYLE = Automatic;
				DEVELOPMENT_TEAM = 4B2WMR5XE5;
				INFOPLIST_FILE = FeelTests/Info.plist;
				LD_RUNPATH_SEARCH_PATHS = (
					"$(inherited)",
					"@executable_path/Frameworks",
					"@loader_path/Frameworks",
				);
				PRODUCT_BUNDLE_IDENTIFIER = com.pinn.FeelTests;
				PRODUCT_NAME = "$(TARGET_NAME)";
				SWIFT_VERSION = 4.2;
				TARGETED_DEVICE_FAMILY = "1,2";
				TEST_HOST = "$(BUILT_PRODUCTS_DIR)/Feel.app/Feel";
			};
			name = Release;
		};
		BC49EF1521A30181004F5959 /* Debug */ = {
			isa = XCBuildConfiguration;
			baseConfigurationReference = A287BBD49F3E9DA8CCAFDF7F /* Pods-FeelUITests.debug.xcconfig */;
			buildSettings = {
				ALWAYS_EMBED_SWIFT_STANDARD_LIBRARIES = YES;
				CODE_SIGN_STYLE = Automatic;
				DEVELOPMENT_TEAM = 4B2WMR5XE5;
				INFOPLIST_FILE = FeelUITests/Info.plist;
				LD_RUNPATH_SEARCH_PATHS = (
					"$(inherited)",
					"@executable_path/Frameworks",
					"@loader_path/Frameworks",
				);
				PRODUCT_BUNDLE_IDENTIFIER = com.pinn.FeelUITests;
				PRODUCT_NAME = "$(TARGET_NAME)";
				SWIFT_VERSION = 4.2;
				TARGETED_DEVICE_FAMILY = "1,2";
				TEST_TARGET_NAME = Feel;
			};
			name = Debug;
		};
		BC49EF1621A30181004F5959 /* Release */ = {
			isa = XCBuildConfiguration;
			baseConfigurationReference = 33BD3DB352717137D968D952 /* Pods-FeelUITests.release.xcconfig */;
			buildSettings = {
				ALWAYS_EMBED_SWIFT_STANDARD_LIBRARIES = YES;
				CODE_SIGN_STYLE = Automatic;
				DEVELOPMENT_TEAM = 4B2WMR5XE5;
				INFOPLIST_FILE = FeelUITests/Info.plist;
				LD_RUNPATH_SEARCH_PATHS = (
					"$(inherited)",
					"@executable_path/Frameworks",
					"@loader_path/Frameworks",
				);
				PRODUCT_BUNDLE_IDENTIFIER = com.pinn.FeelUITests;
				PRODUCT_NAME = "$(TARGET_NAME)";
				SWIFT_VERSION = 4.2;
				TARGETED_DEVICE_FAMILY = "1,2";
				TEST_TARGET_NAME = Feel;
			};
			name = Release;
		};
/* End XCBuildConfiguration section */

/* Begin XCConfigurationList section */
		BC49EEE121A30181004F5959 /* Build configuration list for PBXProject "Feel" */ = {
			isa = XCConfigurationList;
			buildConfigurations = (
				BC49EF0C21A30181004F5959 /* Debug */,
				BC49EF0D21A30181004F5959 /* Release */,
			);
			defaultConfigurationIsVisible = 0;
			defaultConfigurationName = Release;
		};
		BC49EF0E21A30181004F5959 /* Build configuration list for PBXNativeTarget "Feel" */ = {
			isa = XCConfigurationList;
			buildConfigurations = (
				BC49EF0F21A30181004F5959 /* Debug */,
				BC49EF1021A30181004F5959 /* Release */,
			);
			defaultConfigurationIsVisible = 0;
			defaultConfigurationName = Release;
		};
		BC49EF1121A30181004F5959 /* Build configuration list for PBXNativeTarget "FeelTests" */ = {
			isa = XCConfigurationList;
			buildConfigurations = (
				BC49EF1221A30181004F5959 /* Debug */,
				BC49EF1321A30181004F5959 /* Release */,
			);
			defaultConfigurationIsVisible = 0;
			defaultConfigurationName = Release;
		};
		BC49EF1421A30181004F5959 /* Build configuration list for PBXNativeTarget "FeelUITests" */ = {
			isa = XCConfigurationList;
			buildConfigurations = (
				BC49EF1521A30181004F5959 /* Debug */,
				BC49EF1621A30181004F5959 /* Release */,
			);
			defaultConfigurationIsVisible = 0;
			defaultConfigurationName = Release;
		};
/* End XCConfigurationList section */
	};
	rootObject = BC49EEDE21A30181004F5959 /* Project object */;
}
